// !$*UTF8*$!
{
	archiveVersion = 1;
	classes = {
	};
	objectVersion = 50;
	objects = {

/* Begin PBXBuildFile section */
		0EC88C50243C91A1004D706A /* AppDelegate.swift in Sources */ = {isa = PBXBuildFile; fileRef = 0EC88C4F243C91A1004D706A /* AppDelegate.swift */; };
		0EC88C52243C91A1004D706A /* SceneDelegate.swift in Sources */ = {isa = PBXBuildFile; fileRef = 0EC88C51243C91A1004D706A /* SceneDelegate.swift */; };
		0EC88C59243C91A3004D706A /* Assets.xcassets in Resources */ = {isa = PBXBuildFile; fileRef = 0EC88C58243C91A3004D706A /* Assets.xcassets */; };
		0EC88C5C243C91A3004D706A /* LaunchScreen.storyboard in Resources */ = {isa = PBXBuildFile; fileRef = 0EC88C5A243C91A3004D706A /* LaunchScreen.storyboard */; };
		0EC88C6A243C99B5004D706A /* Static Data.swift in Sources */ = {isa = PBXBuildFile; fileRef = 0EC88C69243C99B5004D706A /* Static Data.swift */; };
		0EC88C6C243C9B9D004D706A /* MovieObject.swift in Sources */ = {isa = PBXBuildFile; fileRef = 0EC88C6B243C9B9D004D706A /* MovieObject.swift */; };
		0EC88C72243CA036004D706A /* MovieListVC.swift in Sources */ = {isa = PBXBuildFile; fileRef = 0EC88C71243CA036004D706A /* MovieListVC.swift */; };
		0EC88C74243CA63A004D706A /* MovieCell.swift in Sources */ = {isa = PBXBuildFile; fileRef = 0EC88C73243CA63A004D706A /* MovieCell.swift */; };
		0EC88C77243CACB1004D706A /* Quicksand Bold.ttf in Resources */ = {isa = PBXBuildFile; fileRef = 0EC88C76243CACB1004D706A /* Quicksand Bold.ttf */; };
		0EC88C79243CACE8004D706A /* Quicksand Regular.ttf in Resources */ = {isa = PBXBuildFile; fileRef = 0EC88C78243CACE8004D706A /* Quicksand Regular.ttf */; };
		0EC88C7B243CACF2004D706A /* Quicksand Medium.ttf in Resources */ = {isa = PBXBuildFile; fileRef = 0EC88C7A243CACF2004D706A /* Quicksand Medium.ttf */; };
		0EC88C7D243CAD9E004D706A /* MovieListVariables.swift in Sources */ = {isa = PBXBuildFile; fileRef = 0EC88C7C243CAD9E004D706A /* MovieListVariables.swift */; };
		0EC88C7F243CEC33004D706A /* ToogleButton.swift in Sources */ = {isa = PBXBuildFile; fileRef = 0EC88C7E243CEC33004D706A /* ToogleButton.swift */; };
		0EC88C81243CF038004D706A /* MovieInfoVC.swift in Sources */ = {isa = PBXBuildFile; fileRef = 0EC88C80243CF038004D706A /* MovieInfoVC.swift */; };
		0EC88C87243DD23B004D706A /* DataUtility.swift in Sources */ = {isa = PBXBuildFile; fileRef = 0EC88C86243DD23B004D706A /* DataUtility.swift */; };
		0EC88C8A243DDF0C004D706A /* MovieListView.swift in Sources */ = {isa = PBXBuildFile; fileRef = 0EC88C89243DDF0C004D706A /* MovieListView.swift */; };
		0EC88C8E243DE35A004D706A /* NetworkManager.swift in Sources */ = {isa = PBXBuildFile; fileRef = 0EC88C8D243DE35A004D706A /* NetworkManager.swift */; };
		0EC88C90243DE9A8004D706A /* Response.swift in Sources */ = {isa = PBXBuildFile; fileRef = 0EC88C8F243DE9A8004D706A /* Response.swift */; };
		0EC88C92243DE9FA004D706A /* SerilizationManager.swift in Sources */ = {isa = PBXBuildFile; fileRef = 0EC88C91243DE9FA004D706A /* SerilizationManager.swift */; };
/* End PBXBuildFile section */

/* Begin PBXFileReference section */
		0EC88C4C243C91A1004D706A /* SeanTableView.app */ = {isa = PBXFileReference; explicitFileType = wrapper.application; includeInIndex = 0; path = SeanTableView.app; sourceTree = BUILT_PRODUCTS_DIR; };
		0EC88C4F243C91A1004D706A /* AppDelegate.swift */ = {isa = PBXFileReference; lastKnownFileType = sourcecode.swift; path = AppDelegate.swift; sourceTree = "<group>"; };
		0EC88C51243C91A1004D706A /* SceneDelegate.swift */ = {isa = PBXFileReference; lastKnownFileType = sourcecode.swift; path = SceneDelegate.swift; sourceTree = "<group>"; };
		0EC88C58243C91A3004D706A /* Assets.xcassets */ = {isa = PBXFileReference; lastKnownFileType = folder.assetcatalog; path = Assets.xcassets; sourceTree = "<group>"; };
		0EC88C5B243C91A3004D706A /* Base */ = {isa = PBXFileReference; lastKnownFileType = file.storyboard; name = Base; path = Base.lproj/LaunchScreen.storyboard; sourceTree = "<group>"; };
		0EC88C5D243C91A3004D706A /* Info.plist */ = {isa = PBXFileReference; lastKnownFileType = text.plist.xml; path = Info.plist; sourceTree = "<group>"; };
		0EC88C69243C99B5004D706A /* Static Data.swift */ = {isa = PBXFileReference; lastKnownFileType = sourcecode.swift; path = "Static Data.swift"; sourceTree = "<group>"; };
		0EC88C6B243C9B9D004D706A /* MovieObject.swift */ = {isa = PBXFileReference; lastKnownFileType = sourcecode.swift; path = MovieObject.swift; sourceTree = "<group>"; };
		0EC88C71243CA036004D706A /* MovieListVC.swift */ = {isa = PBXFileReference; lastKnownFileType = sourcecode.swift; path = MovieListVC.swift; sourceTree = "<group>"; };
		0EC88C73243CA63A004D706A /* MovieCell.swift */ = {isa = PBXFileReference; lastKnownFileType = sourcecode.swift; path = MovieCell.swift; sourceTree = "<group>"; };
		0EC88C76243CACB1004D706A /* Quicksand Bold.ttf */ = {isa = PBXFileReference; lastKnownFileType = file; path = "Quicksand Bold.ttf"; sourceTree = "<group>"; };
		0EC88C78243CACE8004D706A /* Quicksand Regular.ttf */ = {isa = PBXFileReference; lastKnownFileType = file; path = "Quicksand Regular.ttf"; sourceTree = "<group>"; };
		0EC88C7A243CACF2004D706A /* Quicksand Medium.ttf */ = {isa = PBXFileReference; lastKnownFileType = file; path = "Quicksand Medium.ttf"; sourceTree = "<group>"; };
		0EC88C7C243CAD9E004D706A /* MovieListVariables.swift */ = {isa = PBXFileReference; lastKnownFileType = sourcecode.swift; path = MovieListVariables.swift; sourceTree = "<group>"; };
		0EC88C7E243CEC33004D706A /* ToogleButton.swift */ = {isa = PBXFileReference; lastKnownFileType = sourcecode.swift; path = ToogleButton.swift; sourceTree = "<group>"; };
		0EC88C80243CF038004D706A /* MovieInfoVC.swift */ = {isa = PBXFileReference; lastKnownFileType = sourcecode.swift; path = MovieInfoVC.swift; sourceTree = "<group>"; };
		0EC88C86243DD23B004D706A /* DataUtility.swift */ = {isa = PBXFileReference; lastKnownFileType = sourcecode.swift; path = DataUtility.swift; sourceTree = "<group>"; };
		0EC88C89243DDF0C004D706A /* MovieListView.swift */ = {isa = PBXFileReference; lastKnownFileType = sourcecode.swift; path = MovieListView.swift; sourceTree = "<group>"; };
		0EC88C8D243DE35A004D706A /* NetworkManager.swift */ = {isa = PBXFileReference; lastKnownFileType = sourcecode.swift; path = NetworkManager.swift; sourceTree = "<group>"; };
		0EC88C8F243DE9A8004D706A /* Response.swift */ = {isa = PBXFileReference; lastKnownFileType = sourcecode.swift; path = Response.swift; sourceTree = "<group>"; };
		0EC88C91243DE9FA004D706A /* SerilizationManager.swift */ = {isa = PBXFileReference; lastKnownFileType = sourcecode.swift; path = SerilizationManager.swift; sourceTree = "<group>"; };
/* End PBXFileReference section */

/* Begin PBXFrameworksBuildPhase section */
		0EC88C49243C91A1004D706A /* Frameworks */ = {
			isa = PBXFrameworksBuildPhase;
			buildActionMask = 2147483647;
			files = (
			);
			runOnlyForDeploymentPostprocessing = 0;
		};
/* End PBXFrameworksBuildPhase section */

/* Begin PBXGroup section */
		0EC88C43243C91A1004D706A = {
			isa = PBXGroup;
			children = (
				0EC88C4E243C91A1004D706A /* SeanTableView */,
				0EC88C4D243C91A1004D706A /* Products */,
			);
			sourceTree = "<group>";
		};
		0EC88C4D243C91A1004D706A /* Products */ = {
			isa = PBXGroup;
			children = (
				0EC88C4C243C91A1004D706A /* SeanTableView.app */,
			);
			name = Products;
			sourceTree = "<group>";
		};
		0EC88C4E243C91A1004D706A /* SeanTableView */ = {
			isa = PBXGroup;
			children = (
				0EC88C85243DD228004D706A /* Utilities */,
				0EC88C70243C9D79004D706A /* Delegate */,
				0EC88C75243CAC66004D706A /* Fonts */,
				0EC88C8C243DE2FF004D706A /* Manager */,
				0EC88C68243C998E004D706A /* Movie Data */,
				0EC88C88243DDEEE004D706A /* Model */,
				0EC88C6F243C9D6A004D706A /* MovieList */,
				0EC88C83243DD1CE004D706A /* SingleMovie */,
				0EC88C58243C91A3004D706A /* Assets.xcassets */,
				0EC88C51243C91A1004D706A /* SceneDelegate.swift */,
				0EC88C4F243C91A1004D706A /* AppDelegate.swift */,
				0EC88C5A243C91A3004D706A /* LaunchScreen.storyboard */,
				0EC88C5D243C91A3004D706A /* Info.plist */,
			);
			path = SeanTableView;
			sourceTree = "<group>";
		};
		0EC88C68243C998E004D706A /* Movie Data */ = {
			isa = PBXGroup;
			children = (
				0EC88C69243C99B5004D706A /* Static Data.swift */,
				0EC88C6B243C9B9D004D706A /* MovieObject.swift */,
			);
			path = "Movie Data";
			sourceTree = "<group>";
		};
		0EC88C6F243C9D6A004D706A /* MovieList */ = {
			isa = PBXGroup;
			children = (
				0EC88C71243CA036004D706A /* MovieListVC.swift */,
				0EC88C73243CA63A004D706A /* MovieCell.swift */,
			);
			path = MovieList;
			sourceTree = "<group>";
		};
		0EC88C70243C9D79004D706A /* Delegate */ = {
			isa = PBXGroup;
			children = (
				0EC88C7E243CEC33004D706A /* ToogleButton.swift */,
			);
			path = Delegate;
			sourceTree = "<group>";
		};
		0EC88C75243CAC66004D706A /* Fonts */ = {
			isa = PBXGroup;
			children = (
				0EC88C7A243CACF2004D706A /* Quicksand Medium.ttf */,
				0EC88C78243CACE8004D706A /* Quicksand Regular.ttf */,
				0EC88C76243CACB1004D706A /* Quicksand Bold.ttf */,
			);
			path = Fonts;
			sourceTree = "<group>";
		};
		0EC88C83243DD1CE004D706A /* SingleMovie */ = {
			isa = PBXGroup;
			children = (
				0EC88C84243DD1EF004D706A /* Cells */,
				0EC88C80243CF038004D706A /* MovieInfoVC.swift */,
			);
			path = SingleMovie;
			sourceTree = "<group>";
		};
		0EC88C84243DD1EF004D706A /* Cells */ = {
			isa = PBXGroup;
			children = (
			);
			path = Cells;
			sourceTree = "<group>";
		};
		0EC88C85243DD228004D706A /* Utilities */ = {
			isa = PBXGroup;
			children = (
				0EC88C86243DD23B004D706A /* DataUtility.swift */,
			);
			path = Utilities;
			sourceTree = "<group>";
		};
		0EC88C88243DDEEE004D706A /* Model */ = {
			isa = PBXGroup;
			children = (
				0EC88C7C243CAD9E004D706A /* MovieListVariables.swift */,
				0EC88C89243DDF0C004D706A /* MovieListView.swift */,
				0EC88C8F243DE9A8004D706A /* Response.swift */,
			);
			path = Model;
			sourceTree = "<group>";
		};
		0EC88C8C243DE2FF004D706A /* Manager */ = {
			isa = PBXGroup;
			children = (
				0EC88C8D243DE35A004D706A /* NetworkManager.swift */,
				0EC88C91243DE9FA004D706A /* SerilizationManager.swift */,
			);
			path = Manager;
			sourceTree = "<group>";
		};
/* End PBXGroup section */

/* Begin PBXNativeTarget section */
		0EC88C4B243C91A1004D706A /* SeanTableView */ = {
			isa = PBXNativeTarget;
			buildConfigurationList = 0EC88C60243C91A3004D706A /* Build configuration list for PBXNativeTarget "SeanTableView" */;
			buildPhases = (
				0EC88C48243C91A1004D706A /* Sources */,
				0EC88C49243C91A1004D706A /* Frameworks */,
				0EC88C4A243C91A1004D706A /* Resources */,
			);
			buildRules = (
			);
			dependencies = (
			);
			name = SeanTableView;
			productName = SeanTableView;
			productReference = 0EC88C4C243C91A1004D706A /* SeanTableView.app */;
			productType = "com.apple.product-type.application";
		};
/* End PBXNativeTarget section */

/* Begin PBXProject section */
		0EC88C44243C91A1004D706A /* Project object */ = {
			isa = PBXProject;
			attributes = {
				LastSwiftUpdateCheck = 1140;
				LastUpgradeCheck = 1140;
				ORGANIZATIONNAME = "Filip Glavica";
				TargetAttributes = {
					0EC88C4B243C91A1004D706A = {
						CreatedOnToolsVersion = 11.4;
					};
				};
			};
			buildConfigurationList = 0EC88C47243C91A1004D706A /* Build configuration list for PBXProject "SeanTableView" */;
			compatibilityVersion = "Xcode 9.3";
			developmentRegion = en;
			hasScannedForEncodings = 0;
			knownRegions = (
				en,
				Base,
			);
			mainGroup = 0EC88C43243C91A1004D706A;
			productRefGroup = 0EC88C4D243C91A1004D706A /* Products */;
			projectDirPath = "";
			projectRoot = "";
			targets = (
				0EC88C4B243C91A1004D706A /* SeanTableView */,
			);
		};
/* End PBXProject section */

/* Begin PBXResourcesBuildPhase section */
		0EC88C4A243C91A1004D706A /* Resources */ = {
			isa = PBXResourcesBuildPhase;
			buildActionMask = 2147483647;
			files = (
				0EC88C7B243CACF2004D706A /* Quicksand Medium.ttf in Resources */,
				0EC88C5C243C91A3004D706A /* LaunchScreen.storyboard in Resources */,
				0EC88C59243C91A3004D706A /* Assets.xcassets in Resources */,
				0EC88C79243CACE8004D706A /* Quicksand Regular.ttf in Resources */,
				0EC88C77243CACB1004D706A /* Quicksand Bold.ttf in Resources */,
			);
			runOnlyForDeploymentPostprocessing = 0;
		};
/* End PBXResourcesBuildPhase section */

/* Begin PBXSourcesBuildPhase section */
		0EC88C48243C91A1004D706A /* Sources */ = {
			isa = PBXSourcesBuildPhase;
			buildActionMask = 2147483647;
			files = (
				0EC88C8E243DE35A004D706A /* NetworkManager.swift in Sources */,
				0EC88C87243DD23B004D706A /* DataUtility.swift in Sources */,
				0EC88C50243C91A1004D706A /* AppDelegate.swift in Sources */,
				0EC88C6C243C9B9D004D706A /* MovieObject.swift in Sources */,
				0EC88C74243CA63A004D706A /* MovieCell.swift in Sources */,
				0EC88C7F243CEC33004D706A /* ToogleButton.swift in Sources */,
				0EC88C92243DE9FA004D706A /* SerilizationManager.swift in Sources */,
				0EC88C90243DE9A8004D706A /* Response.swift in Sources */,
				0EC88C8A243DDF0C004D706A /* MovieListView.swift in Sources */,
				0EC88C6A243C99B5004D706A /* Static Data.swift in Sources */,
				0EC88C81243CF038004D706A /* MovieInfoVC.swift in Sources */,
				0EC88C7D243CAD9E004D706A /* MovieListVariables.swift in Sources */,
				0EC88C72243CA036004D706A /* MovieListVC.swift in Sources */,
				0EC88C52243C91A1004D706A /* SceneDelegate.swift in Sources */,
			);
			runOnlyForDeploymentPostprocessing = 0;
		};
/* End PBXSourcesBuildPhase section */

/* Begin PBXVariantGroup section */
		0EC88C5A243C91A3004D706A /* LaunchScreen.storyboard */ = {
			isa = PBXVariantGroup;
			children = (
				0EC88C5B243C91A3004D706A /* Base */,
			);
			name = LaunchScreen.storyboard;
			sourceTree = "<group>";
		};
/* End PBXVariantGroup section */

/* Begin XCBuildConfiguration section */
		0EC88C5E243C91A3004D706A /* Debug */ = {
			isa = XCBuildConfiguration;
			buildSettings = {
				ALWAYS_SEARCH_USER_PATHS = NO;
				CLANG_ANALYZER_NONNULL = YES;
				CLANG_ANALYZER_NUMBER_OBJECT_CONVERSION = YES_AGGRESSIVE;
				CLANG_CXX_LANGUAGE_STANDARD = "gnu++14";
				CLANG_CXX_LIBRARY = "libc++";
				CLANG_ENABLE_MODULES = YES;
				CLANG_ENABLE_OBJC_ARC = YES;
				CLANG_ENABLE_OBJC_WEAK = YES;
				CLANG_WARN_BLOCK_CAPTURE_AUTORELEASING = YES;
				CLANG_WARN_BOOL_CONVERSION = YES;
				CLANG_WARN_COMMA = YES;
				CLANG_WARN_CONSTANT_CONVERSION = YES;
				CLANG_WARN_DEPRECATED_OBJC_IMPLEMENTATIONS = YES;
				CLANG_WARN_DIRECT_OBJC_ISA_USAGE = YES_ERROR;
				CLANG_WARN_DOCUMENTATION_COMMENTS = YES;
				CLANG_WARN_EMPTY_BODY = YES;
				CLANG_WARN_ENUM_CONVERSION = YES;
				CLANG_WARN_INFINITE_RECURSION = YES;
				CLANG_WARN_INT_CONVERSION = YES;
				CLANG_WARN_NON_LITERAL_NULL_CONVERSION = YES;
				CLANG_WARN_OBJC_IMPLICIT_RETAIN_SELF = YES;
				CLANG_WARN_OBJC_LITERAL_CONVERSION = YES;
				CLANG_WARN_OBJC_ROOT_CLASS = YES_ERROR;
				CLANG_WARN_RANGE_LOOP_ANALYSIS = YES;
				CLANG_WARN_STRICT_PROTOTYPES = YES;
				CLANG_WARN_SUSPICIOUS_MOVE = YES;
				CLANG_WARN_UNGUARDED_AVAILABILITY = YES_AGGRESSIVE;
				CLANG_WARN_UNREACHABLE_CODE = YES;
				CLANG_WARN__DUPLICATE_METHOD_MATCH = YES;
				COPY_PHASE_STRIP = NO;
				DEBUG_INFORMATION_FORMAT = dwarf;
				ENABLE_STRICT_OBJC_MSGSEND = YES;
				ENABLE_TESTABILITY = YES;
				GCC_C_LANGUAGE_STANDARD = gnu11;
				GCC_DYNAMIC_NO_PIC = NO;
				GCC_NO_COMMON_BLOCKS = YES;
				GCC_OPTIMIZATION_LEVEL = 0;
				GCC_PREPROCESSOR_DEFINITIONS = (
					"DEBUG=1",
					"$(inherited)",
				);
				GCC_WARN_64_TO_32_BIT_CONVERSION = YES;
				GCC_WARN_ABOUT_RETURN_TYPE = YES_ERROR;
				GCC_WARN_UNDECLARED_SELECTOR = YES;
				GCC_WARN_UNINITIALIZED_AUTOS = YES_AGGRESSIVE;
				GCC_WARN_UNUSED_FUNCTION = YES;
				GCC_WARN_UNUSED_VARIABLE = YES;
				IPHONEOS_DEPLOYMENT_TARGET = 13.4;
				MTL_ENABLE_DEBUG_INFO = INCLUDE_SOURCE;
				MTL_FAST_MATH = YES;
				ONLY_ACTIVE_ARCH = YES;
				SDKROOT = iphoneos;
				SWIFT_ACTIVE_COMPILATION_CONDITIONS = DEBUG;
				SWIFT_OPTIMIZATION_LEVEL = "-Onone";
			};
			name = Debug;
		};
		0EC88C5F243C91A3004D706A /* Release */ = {
			isa = XCBuildConfiguration;
			buildSettings = {
				ALWAYS_SEARCH_USER_PATHS = NO;
				CLANG_ANALYZER_NONNULL = YES;
				CLANG_ANALYZER_NUMBER_OBJECT_CONVERSION = YES_AGGRESSIVE;
				CLANG_CXX_LANGUAGE_STANDARD = "gnu++14";
				CLANG_CXX_LIBRARY = "libc++";
				CLANG_ENABLE_MODULES = YES;
				CLANG_ENABLE_OBJC_ARC = YES;
				CLANG_ENABLE_OBJC_WEAK = YES;
				CLANG_WARN_BLOCK_CAPTURE_AUTORELEASING = YES;
				CLANG_WARN_BOOL_CONVERSION = YES;
				CLANG_WARN_COMMA = YES;
				CLANG_WARN_CONSTANT_CONVERSION = YES;
				CLANG_WARN_DEPRECATED_OBJC_IMPLEMENTATIONS = YES;
				CLANG_WARN_DIRECT_OBJC_ISA_USAGE = YES_ERROR;
				CLANG_WARN_DOCUMENTATION_COMMENTS = YES;
				CLANG_WARN_EMPTY_BODY = YES;
				CLANG_WARN_ENUM_CONVERSION = YES;
				CLANG_WARN_INFINITE_RECURSION = YES;
				CLANG_WARN_INT_CONVERSION = YES;
				CLANG_WARN_NON_LITERAL_NULL_CONVERSION = YES;
				CLANG_WARN_OBJC_IMPLICIT_RETAIN_SELF = YES;
				CLANG_WARN_OBJC_LITERAL_CONVERSION = YES;
				CLANG_WARN_OBJC_ROOT_CLASS = YES_ERROR;
				CLANG_WARN_RANGE_LOOP_ANALYSIS = YES;
				CLANG_WARN_STRICT_PROTOTYPES = YES;
				CLANG_WARN_SUSPICIOUS_MOVE = YES;
				CLANG_WARN_UNGUARDED_AVAILABILITY = YES_AGGRESSIVE;
				CLANG_WARN_UNREACHABLE_CODE = YES;
				CLANG_WARN__DUPLICATE_METHOD_MATCH = YES;
				COPY_PHASE_STRIP = NO;
				DEBUG_INFORMATION_FORMAT = "dwarf-with-dsym";
				ENABLE_NS_ASSERTIONS = NO;
				ENABLE_STRICT_OBJC_MSGSEND = YES;
				GCC_C_LANGUAGE_STANDARD = gnu11;
				GCC_NO_COMMON_BLOCKS = YES;
				GCC_WARN_64_TO_32_BIT_CONVERSION = YES;
				GCC_WARN_ABOUT_RETURN_TYPE = YES_ERROR;
				GCC_WARN_UNDECLARED_SELECTOR = YES;
				GCC_WARN_UNINITIALIZED_AUTOS = YES_AGGRESSIVE;
				GCC_WARN_UNUSED_FUNCTION = YES;
				GCC_WARN_UNUSED_VARIABLE = YES;
				IPHONEOS_DEPLOYMENT_TARGET = 13.4;
				MTL_ENABLE_DEBUG_INFO = NO;
				MTL_FAST_MATH = YES;
				SDKROOT = iphoneos;
				SWIFT_COMPILATION_MODE = wholemodule;
				SWIFT_OPTIMIZATION_LEVEL = "-O";
				VALIDATE_PRODUCT = YES;
			};
			name = Release;
		};
		0EC88C61243C91A3004D706A /* Debug */ = {
			isa = XCBuildConfiguration;
			buildSettings = {
				ASSETCATALOG_COMPILER_APPICON_NAME = AppIcon;
				CODE_SIGN_STYLE = Automatic;
				DEVELOPMENT_TEAM = BQAATCPZBU;
				INFOPLIST_FILE = SeanTableView/Info.plist;
				LD_RUNPATH_SEARCH_PATHS = (
					"$(inherited)",
					"@executable_path/Frameworks",
				);
				PRODUCT_BUNDLE_IDENTIFIER = factory.hr.SeanTableView;
				PRODUCT_NAME = "$(TARGET_NAME)";
				SWIFT_VERSION = 5.0;
				TARGETED_DEVICE_FAMILY = "1,2";
			};
			name = Debug;
		};
		0EC88C62243C91A3004D706A /* Release */ = {
			isa = XCBuildConfiguration;
			buildSettings = {
				ASSETCATALOG_COMPILER_APPICON_NAME = AppIcon;
				CODE_SIGN_STYLE = Automatic;
				DEVELOPMENT_TEAM = BQAATCPZBU;
				INFOPLIST_FILE = SeanTableView/Info.plist;
				LD_RUNPATH_SEARCH_PATHS = (
					"$(inherited)",
					"@executable_path/Frameworks",
				);
				PRODUCT_BUNDLE_IDENTIFIER = factory.hr.SeanTableView;
				PRODUCT_NAME = "$(TARGET_NAME)";
				SWIFT_VERSION = 5.0;
				TARGETED_DEVICE_FAMILY = "1,2";
			};
			name = Release;
		};
/* End XCBuildConfiguration section */

/* Begin XCConfigurationList section */
		0EC88C47243C91A1004D706A /* Build configuration list for PBXProject "SeanTableView" */ = {
			isa = XCConfigurationList;
			buildConfigurations = (
				0EC88C5E243C91A3004D706A /* Debug */,
				0EC88C5F243C91A3004D706A /* Release */,
			);
			defaultConfigurationIsVisible = 0;
			defaultConfigurationName = Release;
		};
		0EC88C60243C91A3004D706A /* Build configuration list for PBXNativeTarget "SeanTableView" */ = {
			isa = XCConfigurationList;
			buildConfigurations = (
				0EC88C61243C91A3004D706A /* Debug */,
				0EC88C62243C91A3004D706A /* Release */,
			);
			defaultConfigurationIsVisible = 0;
			defaultConfigurationName = Release;
		};
/* End XCConfigurationList section */
	};
	rootObject = 0EC88C44243C91A1004D706A /* Project object */;
}
